
Microsoft Visual Studio Solution File, Format Version 12.00
# Visual Studio 2013
VisualStudioVersion = 12.0.31101.0
MinimumVisualStudioVersion = 10.0.40219.1
Project("{FAE04EC0-301F-11D3-BF4B-00C04F79EFBC}") = "thenfail", "thenfail.csproj", "{D2AB4A3E-6B54-4B5E-8FE8-B5B8906FDFE9}"
EndProject
Project("{FAE04EC0-301F-11D3-BF4B-00C04F79EFBC}") = "thenfail-0.2", "..\thenfail-0.2\thenfail-0.2.csproj", "{51918173-334E-4918-AC53-5F48DB8E0E61}"
EndProject
Global
	GlobalSection(SolutionConfigurationPlatforms) = preSolution
		Debug|Any CPU = Debug|Any CPU
		Release|Any CPU = Release|Any CPU
	EndGlobalSection
	GlobalSection(ProjectConfigurationPlatforms) = postSolution
		{D2AB4A3E-6B54-4B5E-8FE8-B5B8906FDFE9}.Debug|Any CPU.ActiveCfg = Debug|Any CPU
		{D2AB4A3E-6B54-4B5E-8FE8-B5B8906FDFE9}.Debug|Any CPU.Build.0 = Debug|Any CPU
		{D2AB4A3E-6B54-4B5E-8FE8-B5B8906FDFE9}.Release|Any CPU.ActiveCfg = Release|Any CPU
		{D2AB4A3E-6B54-4B5E-8FE8-B5B8906FDFE9}.Release|Any CPU.Build.0 = Release|Any CPU
		{51918173-334E-4918-AC53-5F48DB8E0E61}.Debug|Any CPU.ActiveCfg = Debug|Any CPU
		{51918173-334E-4918-AC53-5F48DB8E0E61}.Debug|Any CPU.Build.0 = Debug|Any CPU
		{51918173-334E-4918-AC53-5F48DB8E0E61}.Release|Any CPU.ActiveCfg = Release|Any CPU
		{51918173-334E-4918-AC53-5F48DB8E0E61}.Release|Any CPU.Build.0 = Release|Any CPU
	EndGlobalSection
	GlobalSection(SolutionProperties) = preSolution
		HideSolutionNode = FALSE
	EndGlobalSection
EndGlobal
